
Microsoft Visual Studio Solution File, Format Version 12.00
# Visual Studio Version 17
VisualStudioVersion = 17.10.34928.147
MinimumVisualStudioVersion = 10.0.40219.1
Project("{9A19103F-16F7-4668-BE54-9A1E7A4F7556}") = "Repository", "Repository\Repository.csproj", "{5B79BA75-3404-4BDF-BDB2-EE529DA7B065}"
EndProject
Project("{9A19103F-16F7-4668-BE54-9A1E7A4F7556}") = "Management", "Management\Management.csproj", "{EF16AF66-2253-44BC-9E6A-6C5FE512E133}"
EndProject
Global
	GlobalSection(SolutionConfigurationPlatforms) = preSolution
		Debug|Any CPU = Debug|Any CPU
		Release|Any CPU = Release|Any CPU
	EndGlobalSection
	GlobalSection(ProjectConfigurationPlatforms) = postSolution
		{5B79BA75-3404-4BDF-BDB2-EE529DA7B065}.Debug|Any CPU.ActiveCfg = Debug|Any CPU
		{5B79BA75-3404-4BDF-BDB2-EE529DA7B065}.Debug|Any CPU.Build.0 = Debug|Any CPU
		{5B79BA75-3404-4BDF-BDB2-EE529DA7B065}.Release|Any CPU.ActiveCfg = Release|Any CPU
		{5B79BA75-3404-4BDF-BDB2-EE529DA7B065}.Release|Any CPU.Build.0 = Release|Any CPU
		{EF16AF66-2253-44BC-9E6A-6C5FE512E133}.Debug|Any CPU.ActiveCfg = Debug|Any CPU
		{EF16AF66-2253-44BC-9E6A-6C5FE512E133}.Debug|Any CPU.Build.0 = Debug|Any CPU
		{EF16AF66-2253-44BC-9E6A-6C5FE512E133}.Release|Any CPU.ActiveCfg = Release|Any CPU
		{EF16AF66-2253-44BC-9E6A-6C5FE512E133}.Release|Any CPU.Build.0 = Release|Any CPU
	EndGlobalSection
	GlobalSection(SolutionProperties) = preSolution
		HideSolutionNode = FALSE
	EndGlobalSection
	GlobalSection(ExtensibilityGlobals) = postSolution
		SolutionGuid = {21E1F1DF-70A8-4227-9C81-489885319EE1}
	EndGlobalSection
EndGlobal
